// !$*UTF8*$!
{
	archiveVersion = 1;
	classes = {
	};
	objectVersion = 55;
	objects = {

/* Begin PBXBuildFile section */
		C6275FA02800E2FC00A73D45 /* FRDessertDetailView.swift in Sources */ = {isa = PBXBuildFile; fileRef = C6275F9F2800E2FC00A73D45 /* FRDessertDetailView.swift */; };
		C6275FA22800F3C700A73D45 /* FRDessertDetailViewModel.swift in Sources */ = {isa = PBXBuildFile; fileRef = C6275FA12800F3C700A73D45 /* FRDessertDetailViewModel.swift */; };
		C6F49E63280091A700B6B7DB /* AppDelegate.swift in Sources */ = {isa = PBXBuildFile; fileRef = C6F49E62280091A700B6B7DB /* AppDelegate.swift */; };
		C6F49E65280091A700B6B7DB /* SceneDelegate.swift in Sources */ = {isa = PBXBuildFile; fileRef = C6F49E64280091A700B6B7DB /* SceneDelegate.swift */; };
		C6F49E67280091A700B6B7DB /* DessertVC.swift in Sources */ = {isa = PBXBuildFile; fileRef = C6F49E66280091A700B6B7DB /* DessertVC.swift */; };
		C6F49E6A280091A700B6B7DB /* Main.storyboard in Resources */ = {isa = PBXBuildFile; fileRef = C6F49E68280091A700B6B7DB /* Main.storyboard */; };
		C6F49E6C280091A900B6B7DB /* Assets.xcassets in Resources */ = {isa = PBXBuildFile; fileRef = C6F49E6B280091A900B6B7DB /* Assets.xcassets */; };
		C6F49E6F280091A900B6B7DB /* LaunchScreen.storyboard in Resources */ = {isa = PBXBuildFile; fileRef = C6F49E6D280091A900B6B7DB /* LaunchScreen.storyboard */; };
		C6F49E7A280091A900B6B7DB /* FetchRewardsIOSChallangeTests.swift in Sources */ = {isa = PBXBuildFile; fileRef = C6F49E79280091A900B6B7DB /* FetchRewardsIOSChallangeTests.swift */; };
		C6F49E84280091A900B6B7DB /* FetchRewardsIOSChallangeUITests.swift in Sources */ = {isa = PBXBuildFile; fileRef = C6F49E83280091A900B6B7DB /* FetchRewardsIOSChallangeUITests.swift */; };
		C6F49E86280091A900B6B7DB /* FetchRewardsIOSChallangeUITestsLaunchTests.swift in Sources */ = {isa = PBXBuildFile; fileRef = C6F49E85280091A900B6B7DB /* FetchRewardsIOSChallangeUITestsLaunchTests.swift */; };
		C6F49E94280094D700B6B7DB /* APICaller.swift in Sources */ = {isa = PBXBuildFile; fileRef = C6F49E93280094D700B6B7DB /* APICaller.swift */; };
		C6F49E972800961100B6B7DB /* FRError.swift in Sources */ = {isa = PBXBuildFile; fileRef = C6F49E962800961100B6B7DB /* FRError.swift */; };
		C6F49E9A2800966500B6B7DB /* Desserts.swift in Sources */ = {isa = PBXBuildFile; fileRef = C6F49E992800966500B6B7DB /* Desserts.swift */; };
		C6F49E9D28009BB900B6B7DB /* FRDessertTableViewCell.swift in Sources */ = {isa = PBXBuildFile; fileRef = C6F49E9C28009BB900B6B7DB /* FRDessertTableViewCell.swift */; };
		C6F49EA028009C8D00B6B7DB /* FRDessertCellViewModel.swift in Sources */ = {isa = PBXBuildFile; fileRef = C6F49E9F28009C8D00B6B7DB /* FRDessertCellViewModel.swift */; };
		C6F49EA22800A74B00B6B7DB /* DessertDetailVC.swift in Sources */ = {isa = PBXBuildFile; fileRef = C6F49EA12800A74B00B6B7DB /* DessertDetailVC.swift */; };
		C6F49EA62800DC4800B6B7DB /* DessertDetail.swift in Sources */ = {isa = PBXBuildFile; fileRef = C6F49EA52800DC4800B6B7DB /* DessertDetail.swift */; };
/* End PBXBuildFile section */

/* Begin PBXContainerItemProxy section */
		C6F49E76280091A900B6B7DB /* PBXContainerItemProxy */ = {
			isa = PBXContainerItemProxy;
			containerPortal = C6F49E57280091A700B6B7DB /* Project object */;
			proxyType = 1;
			remoteGlobalIDString = C6F49E5E280091A700B6B7DB;
			remoteInfo = FetchRewardsIOSChallange;
		};
		C6F49E80280091A900B6B7DB /* PBXContainerItemProxy */ = {
			isa = PBXContainerItemProxy;
			containerPortal = C6F49E57280091A700B6B7DB /* Project object */;
			proxyType = 1;
			remoteGlobalIDString = C6F49E5E280091A700B6B7DB;
			remoteInfo = FetchRewardsIOSChallange;
		};
/* End PBXContainerItemProxy section */

/* Begin PBXFileReference section */
		C6275F9F2800E2FC00A73D45 /* FRDessertDetailView.swift */ = {isa = PBXFileReference; lastKnownFileType = sourcecode.swift; path = FRDessertDetailView.swift; sourceTree = "<group>"; };
		C6275FA12800F3C700A73D45 /* FRDessertDetailViewModel.swift */ = {isa = PBXFileReference; lastKnownFileType = sourcecode.swift; path = FRDessertDetailViewModel.swift; sourceTree = "<group>"; };
		C6F49E5F280091A700B6B7DB /* FetchRewardsIOSChallange.app */ = {isa = PBXFileReference; explicitFileType = wrapper.application; includeInIndex = 0; path = FetchRewardsIOSChallange.app; sourceTree = BUILT_PRODUCTS_DIR; };
		C6F49E62280091A700B6B7DB /* AppDelegate.swift */ = {isa = PBXFileReference; lastKnownFileType = sourcecode.swift; path = AppDelegate.swift; sourceTree = "<group>"; };
		C6F49E64280091A700B6B7DB /* SceneDelegate.swift */ = {isa = PBXFileReference; lastKnownFileType = sourcecode.swift; path = SceneDelegate.swift; sourceTree = "<group>"; };
		C6F49E66280091A700B6B7DB /* DessertVC.swift */ = {isa = PBXFileReference; lastKnownFileType = sourcecode.swift; path = DessertVC.swift; sourceTree = "<group>"; };
		C6F49E69280091A700B6B7DB /* Base */ = {isa = PBXFileReference; lastKnownFileType = file.storyboard; name = Base; path = Base.lproj/Main.storyboard; sourceTree = "<group>"; };
		C6F49E6B280091A900B6B7DB /* Assets.xcassets */ = {isa = PBXFileReference; lastKnownFileType = folder.assetcatalog; path = Assets.xcassets; sourceTree = "<group>"; };
		C6F49E6E280091A900B6B7DB /* Base */ = {isa = PBXFileReference; lastKnownFileType = file.storyboard; name = Base; path = Base.lproj/LaunchScreen.storyboard; sourceTree = "<group>"; };
		C6F49E70280091A900B6B7DB /* Info.plist */ = {isa = PBXFileReference; lastKnownFileType = text.plist.xml; path = Info.plist; sourceTree = "<group>"; };
		C6F49E75280091A900B6B7DB /* FetchRewardsIOSChallangeTests.xctest */ = {isa = PBXFileReference; explicitFileType = wrapper.cfbundle; includeInIndex = 0; path = FetchRewardsIOSChallangeTests.xctest; sourceTree = BUILT_PRODUCTS_DIR; };
		C6F49E79280091A900B6B7DB /* FetchRewardsIOSChallangeTests.swift */ = {isa = PBXFileReference; lastKnownFileType = sourcecode.swift; path = FetchRewardsIOSChallangeTests.swift; sourceTree = "<group>"; };
		C6F49E7F280091A900B6B7DB /* FetchRewardsIOSChallangeUITests.xctest */ = {isa = PBXFileReference; explicitFileType = wrapper.cfbundle; includeInIndex = 0; path = FetchRewardsIOSChallangeUITests.xctest; sourceTree = BUILT_PRODUCTS_DIR; };
		C6F49E83280091A900B6B7DB /* FetchRewardsIOSChallangeUITests.swift */ = {isa = PBXFileReference; lastKnownFileType = sourcecode.swift; path = FetchRewardsIOSChallangeUITests.swift; sourceTree = "<group>"; };
		C6F49E85280091A900B6B7DB /* FetchRewardsIOSChallangeUITestsLaunchTests.swift */ = {isa = PBXFileReference; lastKnownFileType = sourcecode.swift; path = FetchRewardsIOSChallangeUITestsLaunchTests.swift; sourceTree = "<group>"; };
		C6F49E93280094D700B6B7DB /* APICaller.swift */ = {isa = PBXFileReference; lastKnownFileType = sourcecode.swift; path = APICaller.swift; sourceTree = "<group>"; };
		C6F49E962800961100B6B7DB /* FRError.swift */ = {isa = PBXFileReference; fileEncoding = 4; lastKnownFileType = sourcecode.swift; path = FRError.swift; sourceTree = "<group>"; };
		C6F49E992800966500B6B7DB /* Desserts.swift */ = {isa = PBXFileReference; lastKnownFileType = sourcecode.swift; path = Desserts.swift; sourceTree = "<group>"; };
		C6F49E9C28009BB900B6B7DB /* FRDessertTableViewCell.swift */ = {isa = PBXFileReference; lastKnownFileType = sourcecode.swift; path = FRDessertTableViewCell.swift; sourceTree = "<group>"; };
		C6F49E9F28009C8D00B6B7DB /* FRDessertCellViewModel.swift */ = {isa = PBXFileReference; lastKnownFileType = sourcecode.swift; path = FRDessertCellViewModel.swift; sourceTree = "<group>"; };
		C6F49EA12800A74B00B6B7DB /* DessertDetailVC.swift */ = {isa = PBXFileReference; fileEncoding = 4; lastKnownFileType = sourcecode.swift; path = DessertDetailVC.swift; sourceTree = "<group>"; };
		C6F49EA52800DC4800B6B7DB /* DessertDetail.swift */ = {isa = PBXFileReference; fileEncoding = 4; lastKnownFileType = sourcecode.swift; path = DessertDetail.swift; sourceTree = "<group>"; };
/* End PBXFileReference section */

/* Begin PBXFrameworksBuildPhase section */
		C6F49E5C280091A700B6B7DB /* Frameworks */ = {
			isa = PBXFrameworksBuildPhase;
			buildActionMask = 2147483647;
			files = (
			);
			runOnlyForDeploymentPostprocessing = 0;
		};
		C6F49E72280091A900B6B7DB /* Frameworks */ = {
			isa = PBXFrameworksBuildPhase;
			buildActionMask = 2147483647;
			files = (
			);
			runOnlyForDeploymentPostprocessing = 0;
		};
		C6F49E7C280091A900B6B7DB /* Frameworks */ = {
			isa = PBXFrameworksBuildPhase;
			buildActionMask = 2147483647;
			files = (
			);
			runOnlyForDeploymentPostprocessing = 0;
		};
/* End PBXFrameworksBuildPhase section */

/* Begin PBXGroup section */
		C641123F280346BD00EEF036 /* ViewController */ = {
			isa = PBXGroup;
			children = (
				C6F49E66280091A700B6B7DB /* DessertVC.swift */,
				C6F49EA12800A74B00B6B7DB /* DessertDetailVC.swift */,
			);
			path = ViewController;
			sourceTree = "<group>";
		};
		C64112402803ED1A00EEF036 /* Supporting Files */ = {
			isa = PBXGroup;
			children = (
				C6F49E62280091A700B6B7DB /* AppDelegate.swift */,
				C6F49E64280091A700B6B7DB /* SceneDelegate.swift */,
				C6F49E68280091A700B6B7DB /* Main.storyboard */,
			);
			path = "Supporting Files";
			sourceTree = "<group>";
		};
		C6F49E56280091A700B6B7DB = {
			isa = PBXGroup;
			children = (
				C6F49E61280091A700B6B7DB /* FetchRewardsIOSChallange */,
				C6F49E78280091A900B6B7DB /* FetchRewardsIOSChallangeTests */,
				C6F49E82280091A900B6B7DB /* FetchRewardsIOSChallangeUITests */,
				C6F49E60280091A700B6B7DB /* Products */,
			);
			sourceTree = "<group>";
		};
		C6F49E60280091A700B6B7DB /* Products */ = {
			isa = PBXGroup;
			children = (
				C6F49E5F280091A700B6B7DB /* FetchRewardsIOSChallange.app */,
				C6F49E75280091A900B6B7DB /* FetchRewardsIOSChallangeTests.xctest */,
				C6F49E7F280091A900B6B7DB /* FetchRewardsIOSChallangeUITests.xctest */,
			);
			name = Products;
			sourceTree = "<group>";
		};
		C6F49E61280091A700B6B7DB /* FetchRewardsIOSChallange */ = {
			isa = PBXGroup;
			children = (
				C64112402803ED1A00EEF036 /* Supporting Files */,
				C6F49E982800965200B6B7DB /* Model */,
				C6F49E9B28009B8200B6B7DB /* View */,
				C6F49E9E28009C5200B6B7DB /* ViewModel */,
				C641123F280346BD00EEF036 /* ViewController */,
				C6F49E92280094C300B6B7DB /* NetworkManager */,
				C6F49E6B280091A900B6B7DB /* Assets.xcassets */,
				C6F49E6D280091A900B6B7DB /* LaunchScreen.storyboard */,
				C6F49E70280091A900B6B7DB /* Info.plist */,
			);
			path = FetchRewardsIOSChallange;
			sourceTree = "<group>";
		};
		C6F49E78280091A900B6B7DB /* FetchRewardsIOSChallangeTests */ = {
			isa = PBXGroup;
			children = (
				C6F49E79280091A900B6B7DB /* FetchRewardsIOSChallangeTests.swift */,
			);
			path = FetchRewardsIOSChallangeTests;
			sourceTree = "<group>";
		};
		C6F49E82280091A900B6B7DB /* FetchRewardsIOSChallangeUITests */ = {
			isa = PBXGroup;
			children = (
				C6F49E83280091A900B6B7DB /* FetchRewardsIOSChallangeUITests.swift */,
				C6F49E85280091A900B6B7DB /* FetchRewardsIOSChallangeUITestsLaunchTests.swift */,
			);
			path = FetchRewardsIOSChallangeUITests;
			sourceTree = "<group>";
		};
		C6F49E92280094C300B6B7DB /* NetworkManager */ = {
			isa = PBXGroup;
			children = (
				C6F49E93280094D700B6B7DB /* APICaller.swift */,
				C6F49E952800960500B6B7DB /* Utilities */,
			);
			path = NetworkManager;
			sourceTree = "<group>";
		};
		C6F49E952800960500B6B7DB /* Utilities */ = {
			isa = PBXGroup;
			children = (
				C6F49E962800961100B6B7DB /* FRError.swift */,
			);
			path = Utilities;
			sourceTree = "<group>";
		};
		C6F49E982800965200B6B7DB /* Model */ = {
			isa = PBXGroup;
			children = (
				C6F49E992800966500B6B7DB /* Desserts.swift */,
				C6F49EA52800DC4800B6B7DB /* DessertDetail.swift */,
			);
			path = Model;
			sourceTree = "<group>";
		};
		C6F49E9B28009B8200B6B7DB /* View */ = {
			isa = PBXGroup;
			children = (
				C6F49E9C28009BB900B6B7DB /* FRDessertTableViewCell.swift */,
				C6275F9F2800E2FC00A73D45 /* FRDessertDetailView.swift */,
			);
			path = View;
			sourceTree = "<group>";
		};
		C6F49E9E28009C5200B6B7DB /* ViewModel */ = {
			isa = PBXGroup;
			children = (
				C6F49E9F28009C8D00B6B7DB /* FRDessertCellViewModel.swift */,
				C6275FA12800F3C700A73D45 /* FRDessertDetailViewModel.swift */,
			);
			path = ViewModel;
			sourceTree = "<group>";
		};
/* End PBXGroup section */

/* Begin PBXNativeTarget section */
		C6F49E5E280091A700B6B7DB /* FetchRewardsIOSChallange */ = {
			isa = PBXNativeTarget;
			buildConfigurationList = C6F49E89280091A900B6B7DB /* Build configuration list for PBXNativeTarget "FetchRewardsIOSChallange" */;
			buildPhases = (
				C6F49E5B280091A700B6B7DB /* Sources */,
				C6F49E5C280091A700B6B7DB /* Frameworks */,
				C6F49E5D280091A700B6B7DB /* Resources */,
			);
			buildRules = (
			);
			dependencies = (
			);
			name = FetchRewardsIOSChallange;
			productName = FetchRewardsIOSChallange;
			productReference = C6F49E5F280091A700B6B7DB /* FetchRewardsIOSChallange.app */;
			productType = "com.apple.product-type.application";
		};
		C6F49E74280091A900B6B7DB /* FetchRewardsIOSChallangeTests */ = {
			isa = PBXNativeTarget;
			buildConfigurationList = C6F49E8C280091A900B6B7DB /* Build configuration list for PBXNativeTarget "FetchRewardsIOSChallangeTests" */;
			buildPhases = (
				C6F49E71280091A900B6B7DB /* Sources */,
				C6F49E72280091A900B6B7DB /* Frameworks */,
				C6F49E73280091A900B6B7DB /* Resources */,
			);
			buildRules = (
			);
			dependencies = (
				C6F49E77280091A900B6B7DB /* PBXTargetDependency */,
			);
			name = FetchRewardsIOSChallangeTests;
			productName = FetchRewardsIOSChallangeTests;
			productReference = C6F49E75280091A900B6B7DB /* FetchRewardsIOSChallangeTests.xctest */;
			productType = "com.apple.product-type.bundle.unit-test";
		};
		C6F49E7E280091A900B6B7DB /* FetchRewardsIOSChallangeUITests */ = {
			isa = PBXNativeTarget;
			buildConfigurationList = C6F49E8F280091A900B6B7DB /* Build configuration list for PBXNativeTarget "FetchRewardsIOSChallangeUITests" */;
			buildPhases = (
				C6F49E7B280091A900B6B7DB /* Sources */,
				C6F49E7C280091A900B6B7DB /* Frameworks */,
				C6F49E7D280091A900B6B7DB /* Resources */,
			);
			buildRules = (
			);
			dependencies = (
				C6F49E81280091A900B6B7DB /* PBXTargetDependency */,
			);
			name = FetchRewardsIOSChallangeUITests;
			productName = FetchRewardsIOSChallangeUITests;
			productReference = C6F49E7F280091A900B6B7DB /* FetchRewardsIOSChallangeUITests.xctest */;
			productType = "com.apple.product-type.bundle.ui-testing";
		};
/* End PBXNativeTarget section */

/* Begin PBXProject section */
		C6F49E57280091A700B6B7DB /* Project object */ = {
			isa = PBXProject;
			attributes = {
				BuildIndependentTargetsInParallel = 1;
				LastSwiftUpdateCheck = 1320;
				LastUpgradeCheck = 1320;
				TargetAttributes = {
					C6F49E5E280091A700B6B7DB = {
						CreatedOnToolsVersion = 13.2.1;
					};
					C6F49E74280091A900B6B7DB = {
						CreatedOnToolsVersion = 13.2.1;
						TestTargetID = C6F49E5E280091A700B6B7DB;
					};
					C6F49E7E280091A900B6B7DB = {
						CreatedOnToolsVersion = 13.2.1;
						TestTargetID = C6F49E5E280091A700B6B7DB;
					};
				};
			};
			buildConfigurationList = C6F49E5A280091A700B6B7DB /* Build configuration list for PBXProject "FetchRewardsIOSChallange" */;
			compatibilityVersion = "Xcode 13.0";
			developmentRegion = en;
			hasScannedForEncodings = 0;
			knownRegions = (
				en,
				Base,
			);
			mainGroup = C6F49E56280091A700B6B7DB;
			productRefGroup = C6F49E60280091A700B6B7DB /* Products */;
			projectDirPath = "";
			projectRoot = "";
			targets = (
				C6F49E5E280091A700B6B7DB /* FetchRewardsIOSChallange */,
				C6F49E74280091A900B6B7DB /* FetchRewardsIOSChallangeTests */,
				C6F49E7E280091A900B6B7DB /* FetchRewardsIOSChallangeUITests */,
			);
		};
/* End PBXProject section */

/* Begin PBXResourcesBuildPhase section */
		C6F49E5D280091A700B6B7DB /* Resources */ = {
			isa = PBXResourcesBuildPhase;
			buildActionMask = 2147483647;
			files = (
				C6F49E6F280091A900B6B7DB /* LaunchScreen.storyboard in Resources */,
				C6F49E6C280091A900B6B7DB /* Assets.xcassets in Resources */,
				C6F49E6A280091A700B6B7DB /* Main.storyboard in Resources */,
			);
			runOnlyForDeploymentPostprocessing = 0;
		};
		C6F49E73280091A900B6B7DB /* Resources */ = {
			isa = PBXResourcesBuildPhase;
			buildActionMask = 2147483647;
			files = (
			);
			runOnlyForDeploymentPostprocessing = 0;
		};
		C6F49E7D280091A900B6B7DB /* Resources */ = {
			isa = PBXResourcesBuildPhase;
			buildActionMask = 2147483647;
			files = (
			);
			runOnlyForDeploymentPostprocessing = 0;
		};
/* End PBXResourcesBuildPhase section */

/* Begin PBXSourcesBuildPhase section */
		C6F49E5B280091A700B6B7DB /* Sources */ = {
			isa = PBXSourcesBuildPhase;
			buildActionMask = 2147483647;
			files = (
				C6F49E9A2800966500B6B7DB /* Desserts.swift in Sources */,
				C6F49EA028009C8D00B6B7DB /* FRDessertCellViewModel.swift in Sources */,
				C6F49E67280091A700B6B7DB /* DessertVC.swift in Sources */,
				C6F49E63280091A700B6B7DB /* AppDelegate.swift in Sources */,
				C6F49E65280091A700B6B7DB /* SceneDelegate.swift in Sources */,
				C6275FA22800F3C700A73D45 /* FRDessertDetailViewModel.swift in Sources */,
				C6F49EA22800A74B00B6B7DB /* DessertDetailVC.swift in Sources */,
				C6F49E972800961100B6B7DB /* FRError.swift in Sources */,
				C6F49EA62800DC4800B6B7DB /* DessertDetail.swift in Sources */,
				C6F49E94280094D700B6B7DB /* APICaller.swift in Sources */,
				C6F49E9D28009BB900B6B7DB /* FRDessertTableViewCell.swift in Sources */,
				C6275FA02800E2FC00A73D45 /* FRDessertDetailView.swift in Sources */,
			);
			runOnlyForDeploymentPostprocessing = 0;
		};
		C6F49E71280091A900B6B7DB /* Sources */ = {
			isa = PBXSourcesBuildPhase;
			buildActionMask = 2147483647;
			files = (
				C6F49E7A280091A900B6B7DB /* FetchRewardsIOSChallangeTests.swift in Sources */,
			);
			runOnlyForDeploymentPostprocessing = 0;
		};
		C6F49E7B280091A900B6B7DB /* Sources */ = {
			isa = PBXSourcesBuildPhase;
			buildActionMask = 2147483647;
			files = (
				C6F49E86280091A900B6B7DB /* FetchRewardsIOSChallangeUITestsLaunchTests.swift in Sources */,
				C6F49E84280091A900B6B7DB /* FetchRewardsIOSChallangeUITests.swift in Sources */,
			);
			runOnlyForDeploymentPostprocessing = 0;
		};
/* End PBXSourcesBuildPhase section */

/* Begin PBXTargetDependency section */
		C6F49E77280091A900B6B7DB /* PBXTargetDependency */ = {
			isa = PBXTargetDependency;
			target = C6F49E5E280091A700B6B7DB /* FetchRewardsIOSChallange */;
			targetProxy = C6F49E76280091A900B6B7DB /* PBXContainerItemProxy */;
		};
		C6F49E81280091A900B6B7DB /* PBXTargetDependency */ = {
			isa = PBXTargetDependency;
			target = C6F49E5E280091A700B6B7DB /* FetchRewardsIOSChallange */;
			targetProxy = C6F49E80280091A900B6B7DB /* PBXContainerItemProxy */;
		};
/* End PBXTargetDependency section */

/* Begin PBXVariantGroup section */
		C6F49E68280091A700B6B7DB /* Main.storyboard */ = {
			isa = PBXVariantGroup;
			children = (
				C6F49E69280091A700B6B7DB /* Base */,
			);
			name = Main.storyboard;
			sourceTree = "<group>";
		};
		C6F49E6D280091A900B6B7DB /* LaunchScreen.storyboard */ = {
			isa = PBXVariantGroup;
			children = (
				C6F49E6E280091A900B6B7DB /* Base */,
			);
			name = LaunchScreen.storyboard;
			sourceTree = "<group>";
		};
/* End PBXVariantGroup section */

/* Begin XCBuildConfiguration section */
		C6F49E87280091A900B6B7DB /* Debug */ = {
			isa = XCBuildConfiguration;
			buildSettings = {
				ALWAYS_SEARCH_USER_PATHS = NO;
				CLANG_ANALYZER_NONNULL = YES;
				CLANG_ANALYZER_NUMBER_OBJECT_CONVERSION = YES_AGGRESSIVE;
				CLANG_CXX_LANGUAGE_STANDARD = "gnu++17";
				CLANG_CXX_LIBRARY = "libc++";
				CLANG_ENABLE_MODULES = YES;
				CLANG_ENABLE_OBJC_ARC = YES;
				CLANG_ENABLE_OBJC_WEAK = YES;
				CLANG_WARN_BLOCK_CAPTURE_AUTORELEASING = YES;
				CLANG_WARN_BOOL_CONVERSION = YES;
				CLANG_WARN_COMMA = YES;
				CLANG_WARN_CONSTANT_CONVERSION = YES;
				CLANG_WARN_DEPRECATED_OBJC_IMPLEMENTATIONS = YES;
				CLANG_WARN_DIRECT_OBJC_ISA_USAGE = YES_ERROR;
				CLANG_WARN_DOCUMENTATION_COMMENTS = YES;
				CLANG_WARN_EMPTY_BODY = YES;
				CLANG_WARN_ENUM_CONVERSION = YES;
				CLANG_WARN_INFINITE_RECURSION = YES;
				CLANG_WARN_INT_CONVERSION = YES;
				CLANG_WARN_NON_LITERAL_NULL_CONVERSION = YES;
				CLANG_WARN_OBJC_IMPLICIT_RETAIN_SELF = YES;
				CLANG_WARN_OBJC_LITERAL_CONVERSION = YES;
				CLANG_WARN_OBJC_ROOT_CLASS = YES_ERROR;
				CLANG_WARN_QUOTED_INCLUDE_IN_FRAMEWORK_HEADER = YES;
				CLANG_WARN_RANGE_LOOP_ANALYSIS = YES;
				CLANG_WARN_STRICT_PROTOTYPES = YES;
				CLANG_WARN_SUSPICIOUS_MOVE = YES;
				CLANG_WARN_UNGUARDED_AVAILABILITY = YES_AGGRESSIVE;
				CLANG_WARN_UNREACHABLE_CODE = YES;
				CLANG_WARN__DUPLICATE_METHOD_MATCH = YES;
				COPY_PHASE_STRIP = NO;
				DEBUG_INFORMATION_FORMAT = dwarf;
				ENABLE_STRICT_OBJC_MSGSEND = YES;
				ENABLE_TESTABILITY = YES;
				GCC_C_LANGUAGE_STANDARD = gnu11;
				GCC_DYNAMIC_NO_PIC = NO;
				GCC_NO_COMMON_BLOCKS = YES;
				GCC_OPTIMIZATION_LEVEL = 0;
				GCC_PREPROCESSOR_DEFINITIONS = (
					"DEBUG=1",
					"$(inherited)",
				);
				GCC_WARN_64_TO_32_BIT_CONVERSION = YES;
				GCC_WARN_ABOUT_RETURN_TYPE = YES_ERROR;
				GCC_WARN_UNDECLARED_SELECTOR = YES;
				GCC_WARN_UNINITIALIZED_AUTOS = YES_AGGRESSIVE;
				GCC_WARN_UNUSED_FUNCTION = YES;
				GCC_WARN_UNUSED_VARIABLE = YES;
				IPHONEOS_DEPLOYMENT_TARGET = 14.4;
				MTL_ENABLE_DEBUG_INFO = INCLUDE_SOURCE;
				MTL_FAST_MATH = YES;
				ONLY_ACTIVE_ARCH = YES;
				SDKROOT = iphoneos;
				SWIFT_ACTIVE_COMPILATION_CONDITIONS = DEBUG;
				SWIFT_OPTIMIZATION_LEVEL = "-Onone";
			};
			name = Debug;
		};
		C6F49E88280091A900B6B7DB /* Release */ = {
			isa = XCBuildConfiguration;
			buildSettings = {
				ALWAYS_SEARCH_USER_PATHS = NO;
				CLANG_ANALYZER_NONNULL = YES;
				CLANG_ANALYZER_NUMBER_OBJECT_CONVERSION = YES_AGGRESSIVE;
				CLANG_CXX_LANGUAGE_STANDARD = "gnu++17";
				CLANG_CXX_LIBRARY = "libc++";
				CLANG_ENABLE_MODULES = YES;
				CLANG_ENABLE_OBJC_ARC = YES;
				CLANG_ENABLE_OBJC_WEAK = YES;
				CLANG_WARN_BLOCK_CAPTURE_AUTORELEASING = YES;
				CLANG_WARN_BOOL_CONVERSION = YES;
				CLANG_WARN_COMMA = YES;
				CLANG_WARN_CONSTANT_CONVERSION = YES;
				CLANG_WARN_DEPRECATED_OBJC_IMPLEMENTATIONS = YES;
				CLANG_WARN_DIRECT_OBJC_ISA_USAGE = YES_ERROR;
				CLANG_WARN_DOCUMENTATION_COMMENTS = YES;
				CLANG_WARN_EMPTY_BODY = YES;
				CLANG_WARN_ENUM_CONVERSION = YES;
				CLANG_WARN_INFINITE_RECURSION = YES;
				CLANG_WARN_INT_CONVERSION = YES;
				CLANG_WARN_NON_LITERAL_NULL_CONVERSION = YES;
				CLANG_WARN_OBJC_IMPLICIT_RETAIN_SELF = YES;
				CLANG_WARN_OBJC_LITERAL_CONVERSION = YES;
				CLANG_WARN_OBJC_ROOT_CLASS = YES_ERROR;
				CLANG_WARN_QUOTED_INCLUDE_IN_FRAMEWORK_HEADER = YES;
				CLANG_WARN_RANGE_LOOP_ANALYSIS = YES;
				CLANG_WARN_STRICT_PROTOTYPES = YES;
				CLANG_WARN_SUSPICIOUS_MOVE = YES;
				CLANG_WARN_UNGUARDED_AVAILABILITY = YES_AGGRESSIVE;
				CLANG_WARN_UNREACHABLE_CODE = YES;
				CLANG_WARN__DUPLICATE_METHOD_MATCH = YES;
				COPY_PHASE_STRIP = NO;
				DEBUG_INFORMATION_FORMAT = "dwarf-with-dsym";
				ENABLE_NS_ASSERTIONS = NO;
				ENABLE_STRICT_OBJC_MSGSEND = YES;
				GCC_C_LANGUAGE_STANDARD = gnu11;
				GCC_NO_COMMON_BLOCKS = YES;
				GCC_WARN_64_TO_32_BIT_CONVERSION = YES;
				GCC_WARN_ABOUT_RETURN_TYPE = YES_ERROR;
				GCC_WARN_UNDECLARED_SELECTOR = YES;
				GCC_WARN_UNINITIALIZED_AUTOS = YES_AGGRESSIVE;
				GCC_WARN_UNUSED_FUNCTION = YES;
				GCC_WARN_UNUSED_VARIABLE = YES;
				IPHONEOS_DEPLOYMENT_TARGET = 14.4;
				MTL_ENABLE_DEBUG_INFO = NO;
				MTL_FAST_MATH = YES;
				SDKROOT = iphoneos;
				SWIFT_COMPILATION_MODE = wholemodule;
				SWIFT_OPTIMIZATION_LEVEL = "-O";
				VALIDATE_PRODUCT = YES;
			};
			name = Release;
		};
		C6F49E8A280091A900B6B7DB /* Debug */ = {
			isa = XCBuildConfiguration;
			buildSettings = {
				ASSETCATALOG_COMPILER_APPICON_NAME = AppIcon;
				ASSETCATALOG_COMPILER_GLOBAL_ACCENT_COLOR_NAME = AccentColor;
				CODE_SIGN_STYLE = Automatic;
				CURRENT_PROJECT_VERSION = 1;
				DEVELOPMENT_TEAM = 5DG8S4P5ZL;
				GENERATE_INFOPLIST_FILE = YES;
				INFOPLIST_FILE = FetchRewardsIOSChallange/Info.plist;
				INFOPLIST_KEY_UIApplicationSupportsIndirectInputEvents = YES;
				INFOPLIST_KEY_UILaunchStoryboardName = LaunchScreen;
				INFOPLIST_KEY_UIMainStoryboardFile = Main;
				INFOPLIST_KEY_UISupportedInterfaceOrientations = "";
				INFOPLIST_KEY_UISupportedInterfaceOrientations_iPad = "UIInterfaceOrientationPortrait UIInterfaceOrientationPortraitUpsideDown UIInterfaceOrientationLandscapeLeft UIInterfaceOrientationLandscapeRight";
				INFOPLIST_KEY_UISupportedInterfaceOrientations_iPhone = "UIInterfaceOrientationPortrait UIInterfaceOrientationLandscapeLeft UIInterfaceOrientationLandscapeRight";
				IPHONEOS_DEPLOYMENT_TARGET = 15.2;
				LD_RUNPATH_SEARCH_PATHS = (
					"$(inherited)",
					"@executable_path/Frameworks",
				);
				MARKETING_VERSION = 1.0;
				PRODUCT_BUNDLE_IDENTIFIER = emre.FetchRewardsIOSChallange;
				PRODUCT_NAME = "$(TARGET_NAME)";
				SWIFT_EMIT_LOC_STRINGS = YES;
				SWIFT_VERSION = 5.0;
				TARGETED_DEVICE_FAMILY = 1;
			};
			name = Debug;
		};
		C6F49E8B280091A900B6B7DB /* Release */ = {
			isa = XCBuildConfiguration;
			buildSettings = {
				ASSETCATALOG_COMPILER_APPICON_NAME = AppIcon;
				ASSETCATALOG_COMPILER_GLOBAL_ACCENT_COLOR_NAME = AccentColor;
				CODE_SIGN_STYLE = Automatic;
				CURRENT_PROJECT_VERSION = 1;
				DEVELOPMENT_TEAM = 5DG8S4P5ZL;
				GENERATE_INFOPLIST_FILE = YES;
				INFOPLIST_FILE = FetchRewardsIOSChallange/Info.plist;
				INFOPLIST_KEY_UIApplicationSupportsIndirectInputEvents = YES;
				INFOPLIST_KEY_UILaunchStoryboardName = LaunchScreen;
				INFOPLIST_KEY_UIMainStoryboardFile = Main;
				INFOPLIST_KEY_UISupportedInterfaceOrientations = "";
				INFOPLIST_KEY_UISupportedInterfaceOrientations_iPad = "UIInterfaceOrientationPortrait UIInterfaceOrientationPortraitUpsideDown UIInterfaceOrientationLandscapeLeft UIInterfaceOrientationLandscapeRight";
				INFOPLIST_KEY_UISupportedInterfaceOrientations_iPhone = "UIInterfaceOrientationPortrait UIInterfaceOrientationLandscapeLeft UIInterfaceOrientationLandscapeRight";
				IPHONEOS_DEPLOYMENT_TARGET = 15.2;
				LD_RUNPATH_SEARCH_PATHS = (
					"$(inherited)",
					"@executable_path/Frameworks",
				);
				MARKETING_VERSION = 1.0;
				PRODUCT_BUNDLE_IDENTIFIER = emre.FetchRewardsIOSChallange;
				PRODUCT_NAME = "$(TARGET_NAME)";
				SWIFT_EMIT_LOC_STRINGS = YES;
				SWIFT_VERSION = 5.0;
				TARGETED_DEVICE_FAMILY = 1;
			};
			name = Release;
		};
		C6F49E8D280091A900B6B7DB /* Debug */ = {
			isa = XCBuildConfiguration;
			buildSettings = {
				ALWAYS_EMBED_SWIFT_STANDARD_LIBRARIES = YES;
				BUNDLE_LOADER = "$(TEST_HOST)";
				CODE_SIGN_STYLE = Automatic;
				CURRENT_PROJECT_VERSION = 1;
				DEVELOPMENT_TEAM = 5DG8S4P5ZL;
				GENERATE_INFOPLIST_FILE = YES;
				IPHONEOS_DEPLOYMENT_TARGET = 15.2;
				MARKETING_VERSION = 1.0;
				PRODUCT_BUNDLE_IDENTIFIER = emre.FetchRewardsIOSChallangeTests;
				PRODUCT_NAME = "$(TARGET_NAME)";
				SWIFT_EMIT_LOC_STRINGS = NO;
				SWIFT_VERSION = 5.0;
				TARGETED_DEVICE_FAMILY = "1,2";
				TEST_HOST = "$(BUILT_PRODUCTS_DIR)/FetchRewardsIOSChallange.app/FetchRewardsIOSChallange";
			};
			name = Debug;
		};
		C6F49E8E280091A900B6B7DB /* Release */ = {
			isa = XCBuildConfiguration;
			buildSettings = {
				ALWAYS_EMBED_SWIFT_STANDARD_LIBRARIES = YES;
				BUNDLE_LOADER = "$(TEST_HOST)";
				CODE_SIGN_STYLE = Automatic;
				CURRENT_PROJECT_VERSION = 1;
				DEVELOPMENT_TEAM = 5DG8S4P5ZL;
				GENERATE_INFOPLIST_FILE = YES;
				IPHONEOS_DEPLOYMENT_TARGET = 15.2;
				MARKETING_VERSION = 1.0;
				PRODUCT_BUNDLE_IDENTIFIER = emre.FetchRewardsIOSChallangeTests;
				PRODUCT_NAME = "$(TARGET_NAME)";
				SWIFT_EMIT_LOC_STRINGS = NO;
				SWIFT_VERSION = 5.0;
				TARGETED_DEVICE_FAMILY = "1,2";
				TEST_HOST = "$(BUILT_PRODUCTS_DIR)/FetchRewardsIOSChallange.app/FetchRewardsIOSChallange";
			};
			name = Release;
		};
		C6F49E90280091A900B6B7DB /* Debug */ = {
			isa = XCBuildConfiguration;
			buildSettings = {
				ALWAYS_EMBED_SWIFT_STANDARD_LIBRARIES = YES;
				CODE_SIGN_STYLE = Automatic;
				CURRENT_PROJECT_VERSION = 1;
				DEVELOPMENT_TEAM = 5DG8S4P5ZL;
				GENERATE_INFOPLIST_FILE = YES;
				MARKETING_VERSION = 1.0;
				PRODUCT_BUNDLE_IDENTIFIER = emre.FetchRewardsIOSChallangeUITests;
				PRODUCT_NAME = "$(TARGET_NAME)";
				SWIFT_EMIT_LOC_STRINGS = NO;
				SWIFT_VERSION = 5.0;
				TARGETED_DEVICE_FAMILY = "1,2";
				TEST_TARGET_NAME = FetchRewardsIOSChallange;
			};
			name = Debug;
		};
		C6F49E91280091A900B6B7DB /* Release */ = {
			isa = XCBuildConfiguration;
			buildSettings = {
				ALWAYS_EMBED_SWIFT_STANDARD_LIBRARIES = YES;
				CODE_SIGN_STYLE = Automatic;
				CURRENT_PROJECT_VERSION = 1;
				DEVELOPMENT_TEAM = 5DG8S4P5ZL;
				GENERATE_INFOPLIST_FILE = YES;
				MARKETING_VERSION = 1.0;
				PRODUCT_BUNDLE_IDENTIFIER = emre.FetchRewardsIOSChallangeUITests;
				PRODUCT_NAME = "$(TARGET_NAME)";
				SWIFT_EMIT_LOC_STRINGS = NO;
				SWIFT_VERSION = 5.0;
				TARGETED_DEVICE_FAMILY = "1,2";
				TEST_TARGET_NAME = FetchRewardsIOSChallange;
			};
			name = Release;
		};
/* End XCBuildConfiguration section */

/* Begin XCConfigurationList section */
		C6F49E5A280091A700B6B7DB /* Build configuration list for PBXProject "FetchRewardsIOSChallange" */ = {
			isa = XCConfigurationList;
			buildConfigurations = (
				C6F49E87280091A900B6B7DB /* Debug */,
				C6F49E88280091A900B6B7DB /* Release */,
			);
			defaultConfigurationIsVisible = 0;
			defaultConfigurationName = Release;
		};
		C6F49E89280091A900B6B7DB /* Build configuration list for PBXNativeTarget "FetchRewardsIOSChallange" */ = {
			isa = XCConfigurationList;
			buildConfigurations = (
				C6F49E8A280091A900B6B7DB /* Debug */,
				C6F49E8B280091A900B6B7DB /* Release */,
			);
			defaultConfigurationIsVisible = 0;
			defaultConfigurationName = Release;
		};
		C6F49E8C280091A900B6B7DB /* Build configuration list for PBXNativeTarget "FetchRewardsIOSChallangeTests" */ = {
			isa = XCConfigurationList;
			buildConfigurations = (
				C6F49E8D280091A900B6B7DB /* Debug */,
				C6F49E8E280091A900B6B7DB /* Release */,
			);
			defaultConfigurationIsVisible = 0;
			defaultConfigurationName = Release;
		};
		C6F49E8F280091A900B6B7DB /* Build configuration list for PBXNativeTarget "FetchRewardsIOSChallangeUITests" */ = {
			isa = XCConfigurationList;
			buildConfigurations = (
				C6F49E90280091A900B6B7DB /* Debug */,
				C6F49E91280091A900B6B7DB /* Release */,
			);
			defaultConfigurationIsVisible = 0;
			defaultConfigurationName = Release;
		};
/* End XCConfigurationList section */
	};
	rootObject = C6F49E57280091A700B6B7DB /* Project object */;
}
